
Microsoft Visual Studio Solution File, Format Version 12.00
# Visual Studio Version 16
VisualStudioVersion = 16.0.29920.165
MinimumVisualStudioVersion = 10.0.40219.1
Project("{FAE04EC0-301F-11D3-BF4B-00C04F79EFBC}") = "NewASP.WebSite", "NewASP.WebSite\NewASP.WebSite.csproj", "{2EA2D8D0-1F14-458F-9101-BC7223C82E81}"
EndProject
Global
	GlobalSection(SolutionConfigurationPlatforms) = preSolution
		Debug|Any CPU = Debug|Any CPU
		Release|Any CPU = Release|Any CPU
	EndGlobalSection
	GlobalSection(ProjectConfigurationPlatforms) = postSolution
		{2EA2D8D0-1F14-458F-9101-BC7223C82E81}.Debug|Any CPU.ActiveCfg = Debug|Any CPU
		{2EA2D8D0-1F14-458F-9101-BC7223C82E81}.Debug|Any CPU.Build.0 = Debug|Any CPU
		{2EA2D8D0-1F14-458F-9101-BC7223C82E81}.Release|Any CPU.ActiveCfg = Release|Any CPU
		{2EA2D8D0-1F14-458F-9101-BC7223C82E81}.Release|Any CPU.Build.0 = Release|Any CPU
	EndGlobalSection
	GlobalSection(SolutionProperties) = preSolution
		HideSolutionNode = FALSE
	EndGlobalSection
	GlobalSection(ExtensibilityGlobals) = postSolution
		SolutionGuid = {0886D052-5678-4E25-A33F-953DD30AE178}
	EndGlobalSection
EndGlobal
